
Microsoft Visual Studio Solution File, Format Version 12.00
# Visual Studio Version 16
VisualStudioVersion = 16.0.30804.86
MinimumVisualStudioVersion = 10.0.40219.1
Project("{888888A0-9F3D-457C-B088-3A5042F75D52}") = "diagramma", "diagramma\diagramma.pyproj", "{CA7654F6-8930-439A-949F-E388DAD86889}"
EndProject
Global
	GlobalSection(SolutionConfigurationPlatforms) = preSolution
		Debug|Any CPU = Debug|Any CPU
		Release|Any CPU = Release|Any CPU
	EndGlobalSection
	GlobalSection(ProjectConfigurationPlatforms) = postSolution
		{CA7654F6-8930-439A-949F-E388DAD86889}.Debug|Any CPU.ActiveCfg = Debug|Any CPU
		{CA7654F6-8930-439A-949F-E388DAD86889}.Release|Any CPU.ActiveCfg = Release|Any CPU
	EndGlobalSection
	GlobalSection(SolutionProperties) = preSolution
		HideSolutionNode = FALSE
	EndGlobalSection
	GlobalSection(ExtensibilityGlobals) = postSolution
		SolutionGuid = {BEC6FE54-6F13-40D8-9EEC-44612E51DBDF}
	EndGlobalSection
EndGlobal
